
Microsoft Visual Studio Solution File, Format Version 12.00
# Visual Studio Version 16
VisualStudioVersion = 16.0.31105.61
MinimumVisualStudioVersion = 10.0.40219.1
Project("{FAE04EC0-301F-11D3-BF4B-00C04F79EFBC}") = "week06-1", "week06-1\week06-1.csproj", "{A98B06F8-5EA2-4A0C-96A7-F9ACD55E273B}"
EndProject
Global
	GlobalSection(SolutionConfigurationPlatforms) = preSolution
		Debug|Any CPU = Debug|Any CPU
		Release|Any CPU = Release|Any CPU
	EndGlobalSection
	GlobalSection(ProjectConfigurationPlatforms) = postSolution
		{A98B06F8-5EA2-4A0C-96A7-F9ACD55E273B}.Debug|Any CPU.ActiveCfg = Debug|Any CPU
		{A98B06F8-5EA2-4A0C-96A7-F9ACD55E273B}.Debug|Any CPU.Build.0 = Debug|Any CPU
		{A98B06F8-5EA2-4A0C-96A7-F9ACD55E273B}.Release|Any CPU.ActiveCfg = Release|Any CPU
		{A98B06F8-5EA2-4A0C-96A7-F9ACD55E273B}.Release|Any CPU.Build.0 = Release|Any CPU
	EndGlobalSection
	GlobalSection(SolutionProperties) = preSolution
		HideSolutionNode = FALSE
	EndGlobalSection
	GlobalSection(ExtensibilityGlobals) = postSolution
		SolutionGuid = {DA51ADDC-E1E2-4DD9-BA9E-D2C68CCCE5C0}
	EndGlobalSection
EndGlobal
